// !$*UTF8*$!
{
	archiveVersion = 1;
	classes = {
	};
	objectVersion = 56;
	objects = {

/* Begin PBXBuildFile section */
		CB5648F12EE743C300C0EE1E /* plugins.cpp in Sources */ = {isa = PBXBuildFile; fileRef = CB5648F02EE743C200C0EE1E /* plugins.cpp */; };
		CB5648F52EE743CC00C0EE1E /* plugins.hpp in Headers */ = {isa = PBXBuildFile; fileRef = CB5648F32EE743CC00C0EE1E /* plugins.hpp */; };
		CB5648F62EE743CC00C0EE1E /* common.h in Headers */ = {isa = PBXBuildFile; fileRef = CB5648F42EE743CC00C0EE1E /* common.h */; };
		CB5648F82EE8C47A00C0EE1E /* common.cpp in Sources */ = {isa = PBXBuildFile; fileRef = CB5648F72EE8C47A00C0EE1E /* common.cpp */; };
		CB8974282EE4B6DE002E8E97 /* fmod.hpp in Headers */ = {isa = PBXBuildFile; fileRef = CB8974272EE4B6DE002E8E97 /* fmod.hpp */; };
/* End PBXBuildFile section */

/* Begin PBXFileReference section */
		CB5648F02EE743C200C0EE1E /* plugins.cpp */ = {isa = PBXFileReference; fileEncoding = 4; lastKnownFileType = sourcecode.cpp.cpp; path = plugins.cpp; sourceTree = "<group>"; };
		CB5648F32EE743CC00C0EE1E /* plugins.hpp */ = {isa = PBXFileReference; fileEncoding = 4; lastKnownFileType = sourcecode.cpp.h; path = plugins.hpp; sourceTree = "<group>"; };
		CB5648F42EE743CC00C0EE1E /* common.h */ = {isa = PBXFileReference; fileEncoding = 4; lastKnownFileType = sourcecode.c.h; path = common.h; sourceTree = "<group>"; };
		CB5648F72EE8C47A00C0EE1E /* common.cpp */ = {isa = PBXFileReference; fileEncoding = 4; lastKnownFileType = sourcecode.cpp.cpp; path = common.cpp; sourceTree = "<group>"; };
		CB8974202EE4A803002E8E97 /* libFmodPlugins.dylib */ = {isa = PBXFileReference; explicitFileType = "compiled.mach-o.dylib"; includeInIndex = 0; path = libFmodPlugins.dylib; sourceTree = BUILT_PRODUCTS_DIR; };
		CB8974272EE4B6DE002E8E97 /* fmod.hpp */ = {isa = PBXFileReference; lastKnownFileType = sourcecode.cpp.h; name = fmod.hpp; path = ../FMOD_Programmers_API/api/core/inc/fmod.hpp; sourceTree = "<group>"; };
/* End PBXFileReference section */

/* Begin PBXFrameworksBuildPhase section */
		CB89741E2EE4A803002E8E97 /* Frameworks */ = {
			isa = PBXFrameworksBuildPhase;
			buildActionMask = 2147483647;
			files = (
			);
			runOnlyForDeploymentPostprocessing = 0;
		};
/* End PBXFrameworksBuildPhase section */

/* Begin PBXGroup section */
		CB5648EF2EE743C200C0EE1E /* private */ = {
			isa = PBXGroup;
			children = (
				CB5648F02EE743C200C0EE1E /* plugins.cpp */,
				CB5648F72EE8C47A00C0EE1E /* common.cpp */,
			);
			name = private;
			path = src/private;
			sourceTree = "<group>";
		};
		CB5648F22EE743CC00C0EE1E /* public */ = {
			isa = PBXGroup;
			children = (
				CB5648F32EE743CC00C0EE1E /* plugins.hpp */,
				CB5648F42EE743CC00C0EE1E /* common.h */,
			);
			name = public;
			path = src/public;
			sourceTree = "<group>";
		};
		CB8974132EE4A78F002E8E97 = {
			isa = PBXGroup;
			children = (
				CB8974272EE4B6DE002E8E97 /* fmod.hpp */,
				CB5648F22EE743CC00C0EE1E /* public */,
				CB5648EF2EE743C200C0EE1E /* private */,
				CB8974212EE4A803002E8E97 /* Products */,
			);
			sourceTree = "<group>";
		};
		CB8974212EE4A803002E8E97 /* Products */ = {
			isa = PBXGroup;
			children = (
				CB8974202EE4A803002E8E97 /* libFmodPlugins.dylib */,
			);
			name = Products;
			sourceTree = "<group>";
		};
/* End PBXGroup section */

/* Begin PBXHeadersBuildPhase section */
		CB89741C2EE4A803002E8E97 /* Headers */ = {
			isa = PBXHeadersBuildPhase;
			buildActionMask = 2147483647;
			files = (
				CB8974282EE4B6DE002E8E97 /* fmod.hpp in Headers */,
				CB5648F62EE743CC00C0EE1E /* common.h in Headers */,
				CB5648F52EE743CC00C0EE1E /* plugins.hpp in Headers */,
			);
			runOnlyForDeploymentPostprocessing = 0;
		};
/* End PBXHeadersBuildPhase section */

/* Begin PBXNativeTarget section */
		CB89741F2EE4A803002E8E97 /* FmodPlugins */ = {
			isa = PBXNativeTarget;
			buildConfigurationList = CB8974222EE4A803002E8E97 /* Build configuration list for PBXNativeTarget "FmodPlugins" */;
			buildPhases = (
				CB89741C2EE4A803002E8E97 /* Headers */,
				CB89741D2EE4A803002E8E97 /* Sources */,
				CB89741E2EE4A803002E8E97 /* Frameworks */,
			);
			buildRules = (
			);
			dependencies = (
			);
			name = FmodPlugins;
			productName = FmodPlugins;
			productReference = CB8974202EE4A803002E8E97 /* libFmodPlugins.dylib */;
			productType = "com.apple.product-type.library.dynamic";
		};
/* End PBXNativeTarget section */

/* Begin PBXProject section */
		CB8974142EE4A78F002E8E97 /* Project object */ = {
			isa = PBXProject;
			attributes = {
				BuildIndependentTargetsInParallel = 1;
				LastUpgradeCheck = 1430;
				TargetAttributes = {
					CB89741F2EE4A803002E8E97 = {
						CreatedOnToolsVersion = 14.3.1;
					};
				};
			};
			buildConfigurationList = CB8974172EE4A78F002E8E97 /* Build configuration list for PBXProject "FmodPlugins" */;
			compatibilityVersion = "Xcode 14.0";
			developmentRegion = en;
			hasScannedForEncodings = 0;
			knownRegions = (
				en,
				Base,
			);
			mainGroup = CB8974132EE4A78F002E8E97;
			productRefGroup = CB8974212EE4A803002E8E97 /* Products */;
			projectDirPath = "";
			projectRoot = "";
			targets = (
				CB89741F2EE4A803002E8E97 /* FmodPlugins */,
			);
		};
/* End PBXProject section */

/* Begin PBXSourcesBuildPhase section */
		CB89741D2EE4A803002E8E97 /* Sources */ = {
			isa = PBXSourcesBuildPhase;
			buildActionMask = 2147483647;
			files = (
				CB5648F82EE8C47A00C0EE1E /* common.cpp in Sources */,
				CB5648F12EE743C300C0EE1E /* plugins.cpp in Sources */,
			);
			runOnlyForDeploymentPostprocessing = 0;
		};
/* End PBXSourcesBuildPhase section */

/* Begin XCBuildConfiguration section */
		CB8974182EE4A78F002E8E97 /* Debug */ = {
			isa = XCBuildConfiguration;
			buildSettings = {
			};
			name = Debug;
		};
		CB8974192EE4A78F002E8E97 /* Release */ = {
			isa = XCBuildConfiguration;
			buildSettings = {
			};
			name = Release;
		};
		CB8974232EE4A803002E8E97 /* Debug */ = {
			isa = XCBuildConfiguration;
			buildSettings = {
				ALWAYS_SEARCH_USER_PATHS = NO;
				CLANG_ANALYZER_NONNULL = YES;
				CLANG_ANALYZER_NUMBER_OBJECT_CONVERSION = YES_AGGRESSIVE;
				CLANG_CXX_LANGUAGE_STANDARD = "gnu++20";
				CLANG_ENABLE_MODULES = YES;
				CLANG_ENABLE_OBJC_ARC = YES;
				CLANG_ENABLE_OBJC_WEAK = YES;
				CLANG_WARN_BLOCK_CAPTURE_AUTORELEASING = YES;
				CLANG_WARN_BOOL_CONVERSION = YES;
				CLANG_WARN_COMMA = YES;
				CLANG_WARN_CONSTANT_CONVERSION = YES;
				CLANG_WARN_DEPRECATED_OBJC_IMPLEMENTATIONS = YES;
				CLANG_WARN_DIRECT_OBJC_ISA_USAGE = YES_ERROR;
				CLANG_WARN_DOCUMENTATION_COMMENTS = YES;
				CLANG_WARN_EMPTY_BODY = YES;
				CLANG_WARN_ENUM_CONVERSION = YES;
				CLANG_WARN_INFINITE_RECURSION = YES;
				CLANG_WARN_INT_CONVERSION = YES;
				CLANG_WARN_NON_LITERAL_NULL_CONVERSION = YES;
				CLANG_WARN_OBJC_IMPLICIT_RETAIN_SELF = YES;
				CLANG_WARN_OBJC_LITERAL_CONVERSION = YES;
				CLANG_WARN_OBJC_ROOT_CLASS = YES_ERROR;
				CLANG_WARN_QUOTED_INCLUDE_IN_FRAMEWORK_HEADER = YES;
				CLANG_WARN_RANGE_LOOP_ANALYSIS = YES;
				CLANG_WARN_STRICT_PROTOTYPES = YES;
				CLANG_WARN_SUSPICIOUS_MOVE = YES;
				CLANG_WARN_UNGUARDED_AVAILABILITY = YES_AGGRESSIVE;
				CLANG_WARN_UNREACHABLE_CODE = YES;
				CLANG_WARN__DUPLICATE_METHOD_MATCH = YES;
				CODE_SIGN_STYLE = Automatic;
				COPY_PHASE_STRIP = NO;
				DEBUG_INFORMATION_FORMAT = dwarf;
				DEVELOPMENT_TEAM = W56UA3H3S5;
				DYLIB_COMPATIBILITY_VERSION = 1;
				DYLIB_CURRENT_VERSION = 1;
				ENABLE_STRICT_OBJC_MSGSEND = YES;
				ENABLE_TESTABILITY = YES;
				EXECUTABLE_PREFIX = lib;
				GCC_C_LANGUAGE_STANDARD = gnu11;
				GCC_DYNAMIC_NO_PIC = NO;
				GCC_NO_COMMON_BLOCKS = YES;
				GCC_OPTIMIZATION_LEVEL = 0;
				GCC_PREPROCESSOR_DEFINITIONS = (
					"DEBUG=1",
					"$(inherited)",
				);
				GCC_WARN_64_TO_32_BIT_CONVERSION = YES;
				GCC_WARN_ABOUT_RETURN_TYPE = YES_ERROR;
				GCC_WARN_UNDECLARED_SELECTOR = YES;
				GCC_WARN_UNINITIALIZED_AUTOS = YES_AGGRESSIVE;
				GCC_WARN_UNUSED_FUNCTION = YES;
				GCC_WARN_UNUSED_VARIABLE = YES;
				HEADER_SEARCH_PATHS = /Users/dlask/Documents/projects/fmod/FMOD_Programmers_API/api/core/inc;
				"HEADER_SEARCH_PATHS[arch=*]" = "";
				MACOSX_DEPLOYMENT_TARGET = 13.3;
				MTL_ENABLE_DEBUG_INFO = INCLUDE_SOURCE;
				MTL_FAST_MATH = YES;
				ONLY_ACTIVE_ARCH = YES;
				PRODUCT_NAME = "$(TARGET_NAME)";
				SDKROOT = macosx;
				SKIP_INSTALL = YES;
			};
			name = Debug;
		};
		CB8974242EE4A803002E8E97 /* Release */ = {
			isa = XCBuildConfiguration;
			buildSettings = {
				ALWAYS_SEARCH_USER_PATHS = NO;
				CLANG_ANALYZER_NONNULL = YES;
				CLANG_ANALYZER_NUMBER_OBJECT_CONVERSION = YES_AGGRESSIVE;
				CLANG_CXX_LANGUAGE_STANDARD = "gnu++20";
				CLANG_ENABLE_MODULES = YES;
				CLANG_ENABLE_OBJC_ARC = YES;
				CLANG_ENABLE_OBJC_WEAK = YES;
				CLANG_WARN_BLOCK_CAPTURE_AUTORELEASING = YES;
				CLANG_WARN_BOOL_CONVERSION = YES;
				CLANG_WARN_COMMA = YES;
				CLANG_WARN_CONSTANT_CONVERSION = YES;
				CLANG_WARN_DEPRECATED_OBJC_IMPLEMENTATIONS = YES;
				CLANG_WARN_DIRECT_OBJC_ISA_USAGE = YES_ERROR;
				CLANG_WARN_DOCUMENTATION_COMMENTS = YES;
				CLANG_WARN_EMPTY_BODY = YES;
				CLANG_WARN_ENUM_CONVERSION = YES;
				CLANG_WARN_INFINITE_RECURSION = YES;
				CLANG_WARN_INT_CONVERSION = YES;
				CLANG_WARN_NON_LITERAL_NULL_CONVERSION = YES;
				CLANG_WARN_OBJC_IMPLICIT_RETAIN_SELF = YES;
				CLANG_WARN_OBJC_LITERAL_CONVERSION = YES;
				CLANG_WARN_OBJC_ROOT_CLASS = YES_ERROR;
				CLANG_WARN_QUOTED_INCLUDE_IN_FRAMEWORK_HEADER = YES;
				CLANG_WARN_RANGE_LOOP_ANALYSIS = YES;
				CLANG_WARN_STRICT_PROTOTYPES = YES;
				CLANG_WARN_SUSPICIOUS_MOVE = YES;
				CLANG_WARN_UNGUARDED_AVAILABILITY = YES_AGGRESSIVE;
				CLANG_WARN_UNREACHABLE_CODE = YES;
				CLANG_WARN__DUPLICATE_METHOD_MATCH = YES;
				CODE_SIGN_STYLE = Automatic;
				COPY_PHASE_STRIP = NO;
				DEBUG_INFORMATION_FORMAT = "dwarf-with-dsym";
				DEVELOPMENT_TEAM = W56UA3H3S5;
				DYLIB_COMPATIBILITY_VERSION = 1;
				DYLIB_CURRENT_VERSION = 1;
				ENABLE_NS_ASSERTIONS = NO;
				ENABLE_STRICT_OBJC_MSGSEND = YES;
				EXECUTABLE_PREFIX = lib;
				GCC_C_LANGUAGE_STANDARD = gnu11;
				GCC_NO_COMMON_BLOCKS = YES;
				GCC_WARN_64_TO_32_BIT_CONVERSION = YES;
				GCC_WARN_ABOUT_RETURN_TYPE = YES_ERROR;
				GCC_WARN_UNDECLARED_SELECTOR = YES;
				GCC_WARN_UNINITIALIZED_AUTOS = YES_AGGRESSIVE;
				GCC_WARN_UNUSED_FUNCTION = YES;
				GCC_WARN_UNUSED_VARIABLE = YES;
				HEADER_SEARCH_PATHS = /Users/dlask/Documents/projects/fmod/FMOD_Programmers_API/api/core/inc;
				MACOSX_DEPLOYMENT_TARGET = 13.3;
				MTL_ENABLE_DEBUG_INFO = NO;
				MTL_FAST_MATH = YES;
				PRODUCT_NAME = "$(TARGET_NAME)";
				SDKROOT = macosx;
				SKIP_INSTALL = YES;
			};
			name = Release;
		};
/* End XCBuildConfiguration section */

/* Begin XCConfigurationList section */
		CB8974172EE4A78F002E8E97 /* Build configuration list for PBXProject "FmodPlugins" */ = {
			isa = XCConfigurationList;
			buildConfigurations = (
				CB8974182EE4A78F002E8E97 /* Debug */,
				CB8974192EE4A78F002E8E97 /* Release */,
			);
			defaultConfigurationIsVisible = 0;
			defaultConfigurationName = Release;
		};
		CB8974222EE4A803002E8E97 /* Build configuration list for PBXNativeTarget "FmodPlugins" */ = {
			isa = XCConfigurationList;
			buildConfigurations = (
				CB8974232EE4A803002E8E97 /* Debug */,
				CB8974242EE4A803002E8E97 /* Release */,
			);
			defaultConfigurationIsVisible = 0;
			defaultConfigurationName = Release;
		};
/* End XCConfigurationList section */
	};
	rootObject = CB8974142EE4A78F002E8E97 /* Project object */;
}
